// !$*UTF8*$!
{
	archiveVersion = 1;
	classes = {
	};
	objectVersion = 46;
	objects = {

/* Begin PBXBuildFile section */
		920863371D5790010021483D /* Meal.swift in Sources */ = {isa = PBXBuildFile; fileRef = 920863361D5790010021483D /* Meal.swift */; };
		920863381D5790280021483D /* Meal.swift in Sources */ = {isa = PBXBuildFile; fileRef = 920863361D5790010021483D /* Meal.swift */; };
		9208633A1D57959B0021483D /* MealTableViewCell.swift in Sources */ = {isa = PBXBuildFile; fileRef = 920863391D57959B0021483D /* MealTableViewCell.swift */; };
		9208633C1D579EFB0021483D /* MealTableViewController.swift in Sources */ = {isa = PBXBuildFile; fileRef = 9208633B1D579EFB0021483D /* MealTableViewController.swift */; };
		92172B611D569AD400EEC05A /* AppDelegate.swift in Sources */ = {isa = PBXBuildFile; fileRef = 92172B601D569AD400EEC05A /* AppDelegate.swift */; };
		92172B631D569AD400EEC05A /* MealViewController.swift in Sources */ = {isa = PBXBuildFile; fileRef = 92172B621D569AD400EEC05A /* MealViewController.swift */; };
		92172B661D569AD400EEC05A /* Main.storyboard in Resources */ = {isa = PBXBuildFile; fileRef = 92172B641D569AD400EEC05A /* Main.storyboard */; };
		92172B681D569AD400EEC05A /* Assets.xcassets in Resources */ = {isa = PBXBuildFile; fileRef = 92172B671D569AD400EEC05A /* Assets.xcassets */; };
		92172B6B1D569AD400EEC05A /* LaunchScreen.storyboard in Resources */ = {isa = PBXBuildFile; fileRef = 92172B691D569AD400EEC05A /* LaunchScreen.storyboard */; };
		92172B761D569AD500EEC05A /* FoodTrackerTests.swift in Sources */ = {isa = PBXBuildFile; fileRef = 92172B751D569AD500EEC05A /* FoodTrackerTests.swift */; };
		92172B811D569AD500EEC05A /* FoodTrackerUITests.swift in Sources */ = {isa = PBXBuildFile; fileRef = 92172B801D569AD500EEC05A /* FoodTrackerUITests.swift */; };
		92172B8F1D56B66200EEC05A /* RatingControl.swift in Sources */ = {isa = PBXBuildFile; fileRef = 92172B8E1D56B66200EEC05A /* RatingControl.swift */; };
/* End PBXBuildFile section */

/* Begin PBXContainerItemProxy section */
		92172B721D569AD500EEC05A /* PBXContainerItemProxy */ = {
			isa = PBXContainerItemProxy;
			containerPortal = 92172B551D569AD400EEC05A /* Project object */;
			proxyType = 1;
			remoteGlobalIDString = 92172B5C1D569AD400EEC05A;
			remoteInfo = FoodTracker;
		};
		92172B7D1D569AD500EEC05A /* PBXContainerItemProxy */ = {
			isa = PBXContainerItemProxy;
			containerPortal = 92172B551D569AD400EEC05A /* Project object */;
			proxyType = 1;
			remoteGlobalIDString = 92172B5C1D569AD400EEC05A;
			remoteInfo = FoodTracker;
		};
/* End PBXContainerItemProxy section */

/* Begin PBXFileReference section */
		920863361D5790010021483D /* Meal.swift */ = {isa = PBXFileReference; fileEncoding = 4; lastKnownFileType = sourcecode.swift; path = Meal.swift; sourceTree = "<group>"; };
		920863391D57959B0021483D /* MealTableViewCell.swift */ = {isa = PBXFileReference; fileEncoding = 4; lastKnownFileType = sourcecode.swift; name = MealTableViewCell.swift; path = ../MealTableViewCell.swift; sourceTree = "<group>"; };
		9208633B1D579EFB0021483D /* MealTableViewController.swift */ = {isa = PBXFileReference; fileEncoding = 4; lastKnownFileType = sourcecode.swift; path = MealTableViewController.swift; sourceTree = "<group>"; };
		92172B5D1D569AD400EEC05A /* FoodTracker.app */ = {isa = PBXFileReference; explicitFileType = wrapper.application; includeInIndex = 0; path = FoodTracker.app; sourceTree = BUILT_PRODUCTS_DIR; };
		92172B601D569AD400EEC05A /* AppDelegate.swift */ = {isa = PBXFileReference; lastKnownFileType = sourcecode.swift; path = AppDelegate.swift; sourceTree = "<group>"; };
		92172B621D569AD400EEC05A /* MealViewController.swift */ = {isa = PBXFileReference; lastKnownFileType = sourcecode.swift; path = MealViewController.swift; sourceTree = "<group>"; };
		92172B651D569AD400EEC05A /* Base */ = {isa = PBXFileReference; lastKnownFileType = file.storyboard; name = Base; path = Base.lproj/Main.storyboard; sourceTree = "<group>"; };
		92172B671D569AD400EEC05A /* Assets.xcassets */ = {isa = PBXFileReference; lastKnownFileType = folder.assetcatalog; path = Assets.xcassets; sourceTree = "<group>"; };
		92172B6A1D569AD400EEC05A /* Base */ = {isa = PBXFileReference; lastKnownFileType = file.storyboard; name = Base; path = Base.lproj/LaunchScreen.storyboard; sourceTree = "<group>"; };
		92172B6C1D569AD400EEC05A /* Info.plist */ = {isa = PBXFileReference; lastKnownFileType = text.plist.xml; path = Info.plist; sourceTree = "<group>"; };
		92172B711D569AD500EEC05A /* FoodTrackerTests.xctest */ = {isa = PBXFileReference; explicitFileType = wrapper.cfbundle; includeInIndex = 0; path = FoodTrackerTests.xctest; sourceTree = BUILT_PRODUCTS_DIR; };
		92172B751D569AD500EEC05A /* FoodTrackerTests.swift */ = {isa = PBXFileReference; lastKnownFileType = sourcecode.swift; path = FoodTrackerTests.swift; sourceTree = "<group>"; };
		92172B771D569AD500EEC05A /* Info.plist */ = {isa = PBXFileReference; lastKnownFileType = text.plist.xml; path = Info.plist; sourceTree = "<group>"; };
		92172B7C1D569AD500EEC05A /* FoodTrackerUITests.xctest */ = {isa = PBXFileReference; explicitFileType = wrapper.cfbundle; includeInIndex = 0; path = FoodTrackerUITests.xctest; sourceTree = BUILT_PRODUCTS_DIR; };
		92172B801D569AD500EEC05A /* FoodTrackerUITests.swift */ = {isa = PBXFileReference; lastKnownFileType = sourcecode.swift; path = FoodTrackerUITests.swift; sourceTree = "<group>"; };
		92172B821D569AD500EEC05A /* Info.plist */ = {isa = PBXFileReference; lastKnownFileType = text.plist.xml; path = Info.plist; sourceTree = "<group>"; };
		92172B8E1D56B66200EEC05A /* RatingControl.swift */ = {isa = PBXFileReference; fileEncoding = 4; lastKnownFileType = sourcecode.swift; path = RatingControl.swift; sourceTree = "<group>"; };
/* End PBXFileReference section */

/* Begin PBXFrameworksBuildPhase section */
		92172B5A1D569AD400EEC05A /* Frameworks */ = {
			isa = PBXFrameworksBuildPhase;
			buildActionMask = 2147483647;
			files = (
			);
			runOnlyForDeploymentPostprocessing = 0;
		};
		92172B6E1D569AD500EEC05A /* Frameworks */ = {
			isa = PBXFrameworksBuildPhase;
			buildActionMask = 2147483647;
			files = (
			);
			runOnlyForDeploymentPostprocessing = 0;
		};
		92172B791D569AD500EEC05A /* Frameworks */ = {
			isa = PBXFrameworksBuildPhase;
			buildActionMask = 2147483647;
			files = (
			);
			runOnlyForDeploymentPostprocessing = 0;
		};
/* End PBXFrameworksBuildPhase section */

/* Begin PBXGroup section */
		92172B541D569AD400EEC05A = {
			isa = PBXGroup;
			children = (
				92172B5F1D569AD400EEC05A /* FoodTracker */,
				92172B741D569AD500EEC05A /* FoodTrackerTests */,
				92172B7F1D569AD500EEC05A /* FoodTrackerUITests */,
				92172B5E1D569AD400EEC05A /* Products */,
			);
			sourceTree = "<group>";
		};
		92172B5E1D569AD400EEC05A /* Products */ = {
			isa = PBXGroup;
			children = (
				92172B5D1D569AD400EEC05A /* FoodTracker.app */,
				92172B711D569AD500EEC05A /* FoodTrackerTests.xctest */,
				92172B7C1D569AD500EEC05A /* FoodTrackerUITests.xctest */,
			);
			name = Products;
			sourceTree = "<group>";
		};
		92172B5F1D569AD400EEC05A /* FoodTracker */ = {
			isa = PBXGroup;
			children = (
				920863391D57959B0021483D /* MealTableViewCell.swift */,
				92172B601D569AD400EEC05A /* AppDelegate.swift */,
				92172B621D569AD400EEC05A /* MealViewController.swift */,
				92172B641D569AD400EEC05A /* Main.storyboard */,
				9208633B1D579EFB0021483D /* MealTableViewController.swift */,
				92172B8E1D56B66200EEC05A /* RatingControl.swift */,
				92172B671D569AD400EEC05A /* Assets.xcassets */,
				92172B691D569AD400EEC05A /* LaunchScreen.storyboard */,
				92172B6C1D569AD400EEC05A /* Info.plist */,
				920863361D5790010021483D /* Meal.swift */,
			);
			path = FoodTracker;
			sourceTree = "<group>";
		};
		92172B741D569AD500EEC05A /* FoodTrackerTests */ = {
			isa = PBXGroup;
			children = (
				92172B751D569AD500EEC05A /* FoodTrackerTests.swift */,
				92172B771D569AD500EEC05A /* Info.plist */,
			);
			path = FoodTrackerTests;
			sourceTree = "<group>";
		};
		92172B7F1D569AD500EEC05A /* FoodTrackerUITests */ = {
			isa = PBXGroup;
			children = (
				92172B801D569AD500EEC05A /* FoodTrackerUITests.swift */,
				92172B821D569AD500EEC05A /* Info.plist */,
			);
			path = FoodTrackerUITests;
			sourceTree = "<group>";
		};
/* End PBXGroup section */

/* Begin PBXNativeTarget section */
		92172B5C1D569AD400EEC05A /* FoodTracker */ = {
			isa = PBXNativeTarget;
			buildConfigurationList = 92172B851D569AD500EEC05A /* Build configuration list for PBXNativeTarget "FoodTracker" */;
			buildPhases = (
				92172B591D569AD400EEC05A /* Sources */,
				92172B5A1D569AD400EEC05A /* Frameworks */,
				92172B5B1D569AD400EEC05A /* Resources */,
			);
			buildRules = (
			);
			dependencies = (
			);
			name = FoodTracker;
			productName = FoodTracker;
			productReference = 92172B5D1D569AD400EEC05A /* FoodTracker.app */;
			productType = "com.apple.product-type.application";
		};
		92172B701D569AD500EEC05A /* FoodTrackerTests */ = {
			isa = PBXNativeTarget;
			buildConfigurationList = 92172B881D569AD500EEC05A /* Build configuration list for PBXNativeTarget "FoodTrackerTests" */;
			buildPhases = (
				92172B6D1D569AD500EEC05A /* Sources */,
				92172B6E1D569AD500EEC05A /* Frameworks */,
				92172B6F1D569AD500EEC05A /* Resources */,
			);
			buildRules = (
			);
			dependencies = (
				92172B731D569AD500EEC05A /* PBXTargetDependency */,
			);
			name = FoodTrackerTests;
			productName = FoodTrackerTests;
			productReference = 92172B711D569AD500EEC05A /* FoodTrackerTests.xctest */;
			productType = "com.apple.product-type.bundle.unit-test";
		};
		92172B7B1D569AD500EEC05A /* FoodTrackerUITests */ = {
			isa = PBXNativeTarget;
			buildConfigurationList = 92172B8B1D569AD500EEC05A /* Build configuration list for PBXNativeTarget "FoodTrackerUITests" */;
			buildPhases = (
				92172B781D569AD500EEC05A /* Sources */,
				92172B791D569AD500EEC05A /* Frameworks */,
				92172B7A1D569AD500EEC05A /* Resources */,
			);
			buildRules = (
			);
			dependencies = (
				92172B7E1D569AD500EEC05A /* PBXTargetDependency */,
			);
			name = FoodTrackerUITests;
			productName = FoodTrackerUITests;
			productReference = 92172B7C1D569AD500EEC05A /* FoodTrackerUITests.xctest */;
			productType = "com.apple.product-type.bundle.ui-testing";
		};
/* End PBXNativeTarget section */

/* Begin PBXProject section */
		92172B551D569AD400EEC05A /* Project object */ = {
			isa = PBXProject;
			attributes = {
				LastSwiftUpdateCheck = 0730;
				LastUpgradeCheck = 0730;
				ORGANIZATIONNAME = "Joseph Kleinschmidt";
				TargetAttributes = {
					92172B5C1D569AD400EEC05A = {
						CreatedOnToolsVersion = 7.3.1;
					};
					92172B701D569AD500EEC05A = {
						CreatedOnToolsVersion = 7.3.1;
						DevelopmentTeam = TJ452V8K97;
						TestTargetID = 92172B5C1D569AD400EEC05A;
					};
					92172B7B1D569AD500EEC05A = {
						CreatedOnToolsVersion = 7.3.1;
						DevelopmentTeam = TJ452V8K97;
						TestTargetID = 92172B5C1D569AD400EEC05A;
					};
				};
			};
			buildConfigurationList = 92172B581D569AD400EEC05A /* Build configuration list for PBXProject "FoodTracker" */;
			compatibilityVersion = "Xcode 3.2";
			developmentRegion = English;
			hasScannedForEncodings = 0;
			knownRegions = (
				en,
				Base,
			);
			mainGroup = 92172B541D569AD400EEC05A;
			productRefGroup = 92172B5E1D569AD400EEC05A /* Products */;
			projectDirPath = "";
			projectRoot = "";
			targets = (
				92172B5C1D569AD400EEC05A /* FoodTracker */,
				92172B701D569AD500EEC05A /* FoodTrackerTests */,
				92172B7B1D569AD500EEC05A /* FoodTrackerUITests */,
			);
		};
/* End PBXProject section */

/* Begin PBXResourcesBuildPhase section */
		92172B5B1D569AD400EEC05A /* Resources */ = {
			isa = PBXResourcesBuildPhase;
			buildActionMask = 2147483647;
			files = (
				92172B6B1D569AD400EEC05A /* LaunchScreen.storyboard in Resources */,
				92172B681D569AD400EEC05A /* Assets.xcassets in Resources */,
				92172B661D569AD400EEC05A /* Main.storyboard in Resources */,
			);
			runOnlyForDeploymentPostprocessing = 0;
		};
		92172B6F1D569AD500EEC05A /* Resources */ = {
			isa = PBXResourcesBuildPhase;
			buildActionMask = 2147483647;
			files = (
			);
			runOnlyForDeploymentPostprocessing = 0;
		};
		92172B7A1D569AD500EEC05A /* Resources */ = {
			isa = PBXResourcesBuildPhase;
			buildActionMask = 2147483647;
			files = (
			);
			runOnlyForDeploymentPostprocessing = 0;
		};
/* End PBXResourcesBuildPhase section */

/* Begin PBXSourcesBuildPhase section */
		92172B591D569AD400EEC05A /* Sources */ = {
			isa = PBXSourcesBuildPhase;
			buildActionMask = 2147483647;
			files = (
				920863371D5790010021483D /* Meal.swift in Sources */,
				92172B631D569AD400EEC05A /* MealViewController.swift in Sources */,
				92172B8F1D56B66200EEC05A /* RatingControl.swift in Sources */,
				92172B611D569AD400EEC05A /* AppDelegate.swift in Sources */,
				9208633C1D579EFB0021483D /* MealTableViewController.swift in Sources */,
				9208633A1D57959B0021483D /* MealTableViewCell.swift in Sources */,
			);
			runOnlyForDeploymentPostprocessing = 0;
		};
		92172B6D1D569AD500EEC05A /* Sources */ = {
			isa = PBXSourcesBuildPhase;
			buildActionMask = 2147483647;
			files = (
				920863381D5790280021483D /* Meal.swift in Sources */,
				92172B761D569AD500EEC05A /* FoodTrackerTests.swift in Sources */,
			);
			runOnlyForDeploymentPostprocessing = 0;
		};
		92172B781D569AD500EEC05A /* Sources */ = {
			isa = PBXSourcesBuildPhase;
			buildActionMask = 2147483647;
			files = (
				92172B811D569AD500EEC05A /* FoodTrackerUITests.swift in Sources */,
			);
			runOnlyForDeploymentPostprocessing = 0;
		};
/* End PBXSourcesBuildPhase section */

/* Begin PBXTargetDependency section */
		92172B731D569AD500EEC05A /* PBXTargetDependency */ = {
			isa = PBXTargetDependency;
			target = 92172B5C1D569AD400EEC05A /* FoodTracker */;
			targetProxy = 92172B721D569AD500EEC05A /* PBXContainerItemProxy */;
		};
		92172B7E1D569AD500EEC05A /* PBXTargetDependency */ = {
			isa = PBXTargetDependency;
			target = 92172B5C1D569AD400EEC05A /* FoodTracker */;
			targetProxy = 92172B7D1D569AD500EEC05A /* PBXContainerItemProxy */;
		};
/* End PBXTargetDependency section */

/* Begin PBXVariantGroup section */
		92172B641D569AD400EEC05A /* Main.storyboard */ = {
			isa = PBXVariantGroup;
			children = (
				92172B651D569AD400EEC05A /* Base */,
			);
			name = Main.storyboard;
			sourceTree = "<group>";
		};
		92172B691D569AD400EEC05A /* LaunchScreen.storyboard */ = {
			isa = PBXVariantGroup;
			children = (
				92172B6A1D569AD400EEC05A /* Base */,
			);
			name = LaunchScreen.storyboard;
			sourceTree = "<group>";
		};
/* End PBXVariantGroup section */

/* Begin XCBuildConfiguration section */
		92172B831D569AD500EEC05A /* Debug */ = {
			isa = XCBuildConfiguration;
			buildSettings = {
				ALWAYS_SEARCH_USER_PATHS = NO;
				CLANG_ANALYZER_NONNULL = YES;
				CLANG_CXX_LANGUAGE_STANDARD = "gnu++0x";
				CLANG_CXX_LIBRARY = "libc++";
				CLANG_ENABLE_MODULES = YES;
				CLANG_ENABLE_OBJC_ARC = YES;
				CLANG_WARN_BOOL_CONVERSION = YES;
				CLANG_WARN_CONSTANT_CONVERSION = YES;
				CLANG_WARN_DIRECT_OBJC_ISA_USAGE = YES_ERROR;
				CLANG_WARN_EMPTY_BODY = YES;
				CLANG_WARN_ENUM_CONVERSION = YES;
				CLANG_WARN_INT_CONVERSION = YES;
				CLANG_WARN_OBJC_ROOT_CLASS = YES_ERROR;
				CLANG_WARN_UNREACHABLE_CODE = YES;
				CLANG_WARN__DUPLICATE_METHOD_MATCH = YES;
				"CODE_SIGN_IDENTITY[sdk=iphoneos*]" = "iPhone Developer";
				COPY_PHASE_STRIP = NO;
				DEBUG_INFORMATION_FORMAT = dwarf;
				ENABLE_STRICT_OBJC_MSGSEND = YES;
				ENABLE_TESTABILITY = YES;
				GCC_C_LANGUAGE_STANDARD = gnu99;
				GCC_DYNAMIC_NO_PIC = NO;
				GCC_NO_COMMON_BLOCKS = YES;
				GCC_OPTIMIZATION_LEVEL = 0;
				GCC_PREPROCESSOR_DEFINITIONS = (
					"DEBUG=1",
					"$(inherited)",
				);
				GCC_WARN_64_TO_32_BIT_CONVERSION = YES;
				GCC_WARN_ABOUT_RETURN_TYPE = YES_ERROR;
				GCC_WARN_UNDECLARED_SELECTOR = YES;
				GCC_WARN_UNINITIALIZED_AUTOS = YES_AGGRESSIVE;
				GCC_WARN_UNUSED_FUNCTION = YES;
				GCC_WARN_UNUSED_VARIABLE = YES;
				IPHONEOS_DEPLOYMENT_TARGET = 9.3;
				MTL_ENABLE_DEBUG_INFO = YES;
				ONLY_ACTIVE_ARCH = YES;
				SDKROOT = iphoneos;
				SWIFT_OPTIMIZATION_LEVEL = "-Onone";
				TARGETED_DEVICE_FAMILY = "1,2";
			};
			name = Debug;
		};
		92172B841D569AD500EEC05A /* Release */ = {
			isa = XCBuildConfiguration;
			buildSettings = {
				ALWAYS_SEARCH_USER_PATHS = NO;
				CLANG_ANALYZER_NONNULL = YES;
				CLANG_CXX_LANGUAGE_STANDARD = "gnu++0x";
				CLANG_CXX_LIBRARY = "libc++";
				CLANG_ENABLE_MODULES = YES;
				CLANG_ENABLE_OBJC_ARC = YES;
				CLANG_WARN_BOOL_CONVERSION = YES;
				CLANG_WARN_CONSTANT_CONVERSION = YES;
				CLANG_WARN_DIRECT_OBJC_ISA_USAGE = YES_ERROR;
				CLANG_WARN_EMPTY_BODY = YES;
				CLANG_WARN_ENUM_CONVERSION = YES;
				CLANG_WARN_INT_CONVERSION = YES;
				CLANG_WARN_OBJC_ROOT_CLASS = YES_ERROR;
				CLANG_WARN_UNREACHABLE_CODE = YES;
				CLANG_WARN__DUPLICATE_METHOD_MATCH = YES;
				"CODE_SIGN_IDENTITY[sdk=iphoneos*]" = "iPhone Developer";
				COPY_PHASE_STRIP = NO;
				DEBUG_INFORMATION_FORMAT = "dwarf-with-dsym";
				ENABLE_NS_ASSERTIONS = NO;
				ENABLE_STRICT_OBJC_MSGSEND = YES;
				GCC_C_LANGUAGE_STANDARD = gnu99;
				GCC_NO_COMMON_BLOCKS = YES;
				GCC_WARN_64_TO_32_BIT_CONVERSION = YES;
				GCC_WARN_ABOUT_RETURN_TYPE = YES_ERROR;
				GCC_WARN_UNDECLARED_SELECTOR = YES;
				GCC_WARN_UNINITIALIZED_AUTOS = YES_AGGRESSIVE;
				GCC_WARN_UNUSED_FUNCTION = YES;
				GCC_WARN_UNUSED_VARIABLE = YES;
				IPHONEOS_DEPLOYMENT_TARGET = 9.3;
				MTL_ENABLE_DEBUG_INFO = NO;
				SDKROOT = iphoneos;
				TARGETED_DEVICE_FAMILY = "1,2";
				VALIDATE_PRODUCT = YES;
			};
			name = Release;
		};
		92172B861D569AD500EEC05A /* Debug */ = {
			isa = XCBuildConfiguration;
			buildSettings = {
				ASSETCATALOG_COMPILER_APPICON_NAME = AppIcon;
				CODE_SIGN_IDENTITY = "iPhone Developer";
				"CODE_SIGN_IDENTITY[sdk=iphoneos*]" = "iPhone Developer";
				INFOPLIST_FILE = FoodTracker/Info.plist;
				LD_RUNPATH_SEARCH_PATHS = "$(inherited) @executable_path/Frameworks";
				PRODUCT_BUNDLE_IDENTIFIER = com.example;
				PRODUCT_NAME = "$(TARGET_NAME)";
				PROVISIONING_PROFILE = "";
			};
			name = Debug;
		};
		92172B871D569AD500EEC05A /* Release */ = {
			isa = XCBuildConfiguration;
			buildSettings = {
				ASSETCATALOG_COMPILER_APPICON_NAME = AppIcon;
				CODE_SIGN_IDENTITY = "iPhone Developer";
				"CODE_SIGN_IDENTITY[sdk=iphoneos*]" = "iPhone Developer";
				INFOPLIST_FILE = FoodTracker/Info.plist;
				LD_RUNPATH_SEARCH_PATHS = "$(inherited) @executable_path/Frameworks";
				PRODUCT_BUNDLE_IDENTIFIER = com.example;
				PRODUCT_NAME = "$(TARGET_NAME)";
				PROVISIONING_PROFILE = "";
			};
			name = Release;
		};
		92172B891D569AD500EEC05A /* Debug */ = {
			isa = XCBuildConfiguration;
			buildSettings = {
				BUNDLE_LOADER = "$(TEST_HOST)";
				INFOPLIST_FILE = FoodTrackerTests/Info.plist;
				LD_RUNPATH_SEARCH_PATHS = "$(inherited) @executable_path/Frameworks @loader_path/Frameworks";
				PRODUCT_BUNDLE_IDENTIFIER = com.FoodTrackerTests;
				PRODUCT_NAME = "$(TARGET_NAME)";
				TEST_HOST = "$(BUILT_PRODUCTS_DIR)/FoodTracker.app/FoodTracker";
			};
			name = Debug;
		};
		92172B8A1D569AD500EEC05A /* Release */ = {
			isa = XCBuildConfiguration;
			buildSettings = {
				BUNDLE_LOADER = "$(TEST_HOST)";
				INFOPLIST_FILE = FoodTrackerTests/Info.plist;
				LD_RUNPATH_SEARCH_PATHS = "$(inherited) @executable_path/Frameworks @loader_path/Frameworks";
				PRODUCT_BUNDLE_IDENTIFIER = com.FoodTrackerTests;
				PRODUCT_NAME = "$(TARGET_NAME)";
				TEST_HOST = "$(BUILT_PRODUCTS_DIR)/FoodTracker.app/FoodTracker";
			};
			name = Release;
		};
		92172B8C1D569AD500EEC05A /* Debug */ = {
			isa = XCBuildConfiguration;
			buildSettings = {
				INFOPLIST_FILE = FoodTrackerUITests/Info.plist;
				LD_RUNPATH_SEARCH_PATHS = "$(inherited) @executable_path/Frameworks @loader_path/Frameworks";
				PRODUCT_BUNDLE_IDENTIFIER = com.FoodTrackerUITests;
				PRODUCT_NAME = "$(TARGET_NAME)";
				TEST_TARGET_NAME = FoodTracker;
			};
			name = Debug;
		};
		92172B8D1D569AD500EEC05A /* Release */ = {
			isa = XCBuildConfiguration;
			buildSettings = {
				INFOPLIST_FILE = FoodTrackerUITests/Info.plist;
				LD_RUNPATH_SEARCH_PATHS = "$(inherited) @executable_path/Frameworks @loader_path/Frameworks";
				PRODUCT_BUNDLE_IDENTIFIER = com.FoodTrackerUITests;
				PRODUCT_NAME = "$(TARGET_NAME)";
				TEST_TARGET_NAME = FoodTracker;
			};
			name = Release;
		};
/* End XCBuildConfiguration section */

/* Begin XCConfigurationList section */
		92172B581D569AD400EEC05A /* Build configuration list for PBXProject "FoodTracker" */ = {
			isa = XCConfigurationList;
			buildConfigurations = (
				92172B831D569AD500EEC05A /* Debug */,
				92172B841D569AD500EEC05A /* Release */,
			);
			defaultConfigurationIsVisible = 0;
			defaultConfigurationName = Release;
		};
		92172B851D569AD500EEC05A /* Build configuration list for PBXNativeTarget "FoodTracker" */ = {
			isa = XCConfigurationList;
			buildConfigurations = (
				92172B861D569AD500EEC05A /* Debug */,
				92172B871D569AD500EEC05A /* Release */,
			);
			defaultConfigurationIsVisible = 0;
			defaultConfigurationName = Release;
		};
		92172B881D569AD500EEC05A /* Build configuration list for PBXNativeTarget "FoodTrackerTests" */ = {
			isa = XCConfigurationList;
			buildConfigurations = (
				92172B891D569AD500EEC05A /* Debug */,
				92172B8A1D569AD500EEC05A /* Release */,
			);
			defaultConfigurationIsVisible = 0;
			defaultConfigurationName = Release;
		};
		92172B8B1D569AD500EEC05A /* Build configuration list for PBXNativeTarget "FoodTrackerUITests" */ = {
			isa = XCConfigurationList;
			buildConfigurations = (
				92172B8C1D569AD500EEC05A /* Debug */,
				92172B8D1D569AD500EEC05A /* Release */,
			);
			defaultConfigurationIsVisible = 0;
			defaultConfigurationName = Release;
		};
/* End XCConfigurationList section */
	};
	rootObject = 92172B551D569AD400EEC05A /* Project object */;
}
